
Microsoft Visual Studio Solution File, Format Version 12.00
# Visual Studio Version 17
VisualStudioVersion = 17.0.31903.59
MinimumVisualStudioVersion = 10.0.40219.1
Project("{2150E333-8FDC-42A3-9474-1A3956D46DE8}") = "Services", "Services", "{8F2C0BD0-A516-443A-84A8-EBB546D47546}"
EndProject
Project("{2150E333-8FDC-42A3-9474-1A3956D46DE8}") = "Catalog", "Catalog", "{8EA64A04-E837-4E08-8592-71F54743E6FF}"
EndProject
Project("{FAE04EC0-301F-11D3-BF4B-00C04F79EFBC}") = "EShop.Catalog.Api", "Services\Catalog\EShop.Catalog.Api\EShop.Catalog.Api.csproj", "{893479E1-5810-49CE-8AB5-DA51D266D804}"
EndProject
Project("{2150E333-8FDC-42A3-9474-1A3956D46DE8}") = "BuildingBlocks", "BuildingBlocks", "{8E4008F6-6F54-49BF-9C91-0B7299598A78}"
EndProject
Project("{FAE04EC0-301F-11D3-BF4B-00C04F79EFBC}") = "EShop.BuildingBlocks", "BuildingBlocks\EShop.BuildingBlocks\EShop.BuildingBlocks.csproj", "{3748CACA-7DC8-4CA6-B1BC-42D8B4C65546}"
EndProject
Project("{E53339B2-1760-4266-BCC7-CA923CBCF16C}") = "docker-compose", "docker-compose.dcproj", "{CA075E35-C816-46E8-B49D-E089D36857CF}"
EndProject
Project("{2150E333-8FDC-42A3-9474-1A3956D46DE8}") = "Basket", "Basket", "{4EF6F693-2DE2-457E-98E4-F12B83617E8B}"
EndProject
Project("{FAE04EC0-301F-11D3-BF4B-00C04F79EFBC}") = "EShop.Basket.API", "Services\Basket\EShop.Basket.API\EShop.Basket.API.csproj", "{88ED1527-DB82-4CDF-B3A5-93F2E7FCD639}"
	ProjectSection(ProjectDependencies) = postProject
		{4A0AD6B3-2D17-4CFE-87A6-475F1F0A70B5} = {4A0AD6B3-2D17-4CFE-87A6-475F1F0A70B5}
	EndProjectSection
EndProject
Project("{2150E333-8FDC-42A3-9474-1A3956D46DE8}") = "Discount", "Discount", "{02EA681E-C7D8-13C7-8484-4AC65E1B71E8}"
EndProject
Project("{FAE04EC0-301F-11D3-BF4B-00C04F79EFBC}") = "EShop.Discount.Grpc", "Services\Discount\EShop.Discount.Grpc\EShop.Discount.Grpc.csproj", "{4A0AD6B3-2D17-4CFE-87A6-475F1F0A70B5}"
EndProject
Global
	GlobalSection(SolutionConfigurationPlatforms) = preSolution
		Debug|Any CPU = Debug|Any CPU
		Release|Any CPU = Release|Any CPU
	EndGlobalSection
	GlobalSection(ProjectConfigurationPlatforms) = postSolution
		{893479E1-5810-49CE-8AB5-DA51D266D804}.Debug|Any CPU.ActiveCfg = Debug|Any CPU
		{893479E1-5810-49CE-8AB5-DA51D266D804}.Debug|Any CPU.Build.0 = Debug|Any CPU
		{893479E1-5810-49CE-8AB5-DA51D266D804}.Release|Any CPU.ActiveCfg = Release|Any CPU
		{893479E1-5810-49CE-8AB5-DA51D266D804}.Release|Any CPU.Build.0 = Release|Any CPU
		{3748CACA-7DC8-4CA6-B1BC-42D8B4C65546}.Debug|Any CPU.ActiveCfg = Debug|Any CPU
		{3748CACA-7DC8-4CA6-B1BC-42D8B4C65546}.Debug|Any CPU.Build.0 = Debug|Any CPU
		{3748CACA-7DC8-4CA6-B1BC-42D8B4C65546}.Release|Any CPU.ActiveCfg = Release|Any CPU
		{3748CACA-7DC8-4CA6-B1BC-42D8B4C65546}.Release|Any CPU.Build.0 = Release|Any CPU
		{CA075E35-C816-46E8-B49D-E089D36857CF}.Debug|Any CPU.ActiveCfg = Debug|Any CPU
		{CA075E35-C816-46E8-B49D-E089D36857CF}.Debug|Any CPU.Build.0 = Debug|Any CPU
		{CA075E35-C816-46E8-B49D-E089D36857CF}.Release|Any CPU.ActiveCfg = Release|Any CPU
		{CA075E35-C816-46E8-B49D-E089D36857CF}.Release|Any CPU.Build.0 = Release|Any CPU
		{88ED1527-DB82-4CDF-B3A5-93F2E7FCD639}.Debug|Any CPU.ActiveCfg = Debug|Any CPU
		{88ED1527-DB82-4CDF-B3A5-93F2E7FCD639}.Debug|Any CPU.Build.0 = Debug|Any CPU
		{88ED1527-DB82-4CDF-B3A5-93F2E7FCD639}.Release|Any CPU.ActiveCfg = Release|Any CPU
		{88ED1527-DB82-4CDF-B3A5-93F2E7FCD639}.Release|Any CPU.Build.0 = Release|Any CPU
		{4A0AD6B3-2D17-4CFE-87A6-475F1F0A70B5}.Debug|Any CPU.ActiveCfg = Debug|Any CPU
		{4A0AD6B3-2D17-4CFE-87A6-475F1F0A70B5}.Debug|Any CPU.Build.0 = Debug|Any CPU
		{4A0AD6B3-2D17-4CFE-87A6-475F1F0A70B5}.Release|Any CPU.ActiveCfg = Release|Any CPU
		{4A0AD6B3-2D17-4CFE-87A6-475F1F0A70B5}.Release|Any CPU.Build.0 = Release|Any CPU
	EndGlobalSection
	GlobalSection(SolutionProperties) = preSolution
		HideSolutionNode = FALSE
	EndGlobalSection
	GlobalSection(NestedProjects) = preSolution
		{8EA64A04-E837-4E08-8592-71F54743E6FF} = {8F2C0BD0-A516-443A-84A8-EBB546D47546}
		{893479E1-5810-49CE-8AB5-DA51D266D804} = {8EA64A04-E837-4E08-8592-71F54743E6FF}
		{3748CACA-7DC8-4CA6-B1BC-42D8B4C65546} = {8E4008F6-6F54-49BF-9C91-0B7299598A78}
		{4EF6F693-2DE2-457E-98E4-F12B83617E8B} = {8F2C0BD0-A516-443A-84A8-EBB546D47546}
		{88ED1527-DB82-4CDF-B3A5-93F2E7FCD639} = {4EF6F693-2DE2-457E-98E4-F12B83617E8B}
		{02EA681E-C7D8-13C7-8484-4AC65E1B71E8} = {8F2C0BD0-A516-443A-84A8-EBB546D47546}
		{4A0AD6B3-2D17-4CFE-87A6-475F1F0A70B5} = {02EA681E-C7D8-13C7-8484-4AC65E1B71E8}
	EndGlobalSection
	GlobalSection(ExtensibilityGlobals) = postSolution
		SolutionGuid = {03D776F9-58E5-4325-A2FF-5ABAF9431B8C}
	EndGlobalSection
EndGlobal
